{
    "version": 3,
    "terraform_version": "0.11.2",
    "serial": 57,
    "lineage": "ca6bfcce-25c4-4496-8ec0-85108dc54237",
    "modules": [
        {
            "path": [
                "root"
            ],
            "outputs": {},
            "resources": {
                "openstack_compute_floatingip_associate_v2.fip_nagoya_f1": {
                    "type": "openstack_compute_floatingip_associate_v2",
                    "depends_on": [
                        "openstack_compute_instance_v2.k8s-nagoya-node10"
                    ],
                    "primary": {
                        "id": "83.96.238.49/8da40cb9-1736-4736-abbe-81d17ec01ca8/",
                        "attributes": {
                            "fixed_ip": "",
                            "floating_ip": "83.96.238.49",
                            "id": "83.96.238.49/8da40cb9-1736-4736-abbe-81d17ec01ca8/",
                            "instance_id": "8da40cb9-1736-4736-abbe-81d17ec01ca8",
                            "region": "AMS"
                        },
                        "meta": {},
                        "tainted": false
                    },
                    "deposed": [],
                    "provider": "provider.openstack"
                },
                "openstack_compute_floatingip_associate_v2.fip_nagoya_f2": {
                    "type": "openstack_compute_floatingip_associate_v2",
                    "depends_on": [
                        "openstack_compute_instance_v2.k8s-nagoya-node13"
                    ],
                    "primary": {
                        "id": "83.96.238.50/c042ea30-0411-4b8a-a7c7-f4e72ec889c5/",
                        "attributes": {
                            "fixed_ip": "",
                            "floating_ip": "83.96.238.50",
                            "id": "83.96.238.50/c042ea30-0411-4b8a-a7c7-f4e72ec889c5/",
                            "instance_id": "c042ea30-0411-4b8a-a7c7-f4e72ec889c5",
                            "region": "AMS"
                        },
                        "meta": {},
                        "tainted": false
                    },
                    "deposed": [],
                    "provider": "provider.openstack"
                },
                "openstack_compute_instance_v2.k8s-nagoya-node10": {
                    "type": "openstack_compute_instance_v2",
                    "depends_on": [
                        "openstack_networking_network_v2.network_nagoya",
                        "openstack_networking_port_v2.k8s_nagoya_port_10",
                        "openstack_networking_secgroup_v2.secgroup_nagoya-1"
                    ],
                    "primary": {
                        "id": "8da40cb9-1736-4736-abbe-81d17ec01ca8",
                        "attributes": {
                            "access_ip_v4": "192.168.8.10",
                            "access_ip_v6": "",
                            "all_metadata.%": "0",
                            "availability_zone": "AMS-EQ1",
                            "flavor_id": "2004",
                            "flavor_name": "Small HD 4GB",
                            "force_delete": "false",
                            "id": "8da40cb9-1736-4736-abbe-81d17ec01ca8",
                            "image_id": "589fca18-4515-4af5-94e8-f9ad9265d6af",
                            "image_name": "Container-Linux_1632",
                            "key_pair": "PB_ITE_1",
                            "name": "k8s-nagoya-node10",
                            "network.#": "1",
                            "network.0.access_network": "false",
                            "network.0.fixed_ip_v4": "192.168.8.10",
                            "network.0.fixed_ip_v6": "",
                            "network.0.floating_ip": "",
                            "network.0.mac": "02:2b:74:92:b4:51",
                            "network.0.name": "network_nagoya",
                            "network.0.port": "2b7492b4-51d0-49f9-b63a-244c3a174498",
                            "network.0.uuid": "8dca6a1e-bc48-42d3-8cce-ea94c16a6d26",
                            "region": "AMS",
                            "security_groups.#": "1",
                            "security_groups.2614546402": "secgroup_nagoya-1",
                            "stop_before_destroy": "false",
                            "user_data": "7ff515f6eb5904652f67d42a4374b48b7a0ec474"
                        },
                        "meta": {
                            "e2bfb730-ecaa-11e6-8f88-34363bc7c4c0": {
                                "create": 1800000000000,
                                "delete": 1800000000000,
                                "update": 1800000000000
                            }
                        },
                        "tainted": false
                    },
                    "deposed": [],
                    "provider": "provider.openstack"
                },
                "openstack_compute_instance_v2.k8s-nagoya-node11": {
                    "type": "openstack_compute_instance_v2",
                    "depends_on": [
                        "openstack_networking_network_v2.network_nagoya",
                        "openstack_networking_port_v2.k8s_nagoya_port_11",
                        "openstack_networking_secgroup_v2.secgroup_nagoya-1"
                    ],
                    "primary": {
                        "id": "f875ed5c-3cfa-49cd-b418-9205f7d473ad",
                        "attributes": {
                            "access_ip_v4": "192.168.8.11",
                            "access_ip_v6": "",
                            "all_metadata.%": "0",
                            "availability_zone": "AMS-EQ1",
                            "flavor_id": "2004",
                            "flavor_name": "Small HD 4GB",
                            "force_delete": "false",
                            "id": "f875ed5c-3cfa-49cd-b418-9205f7d473ad",
                            "image_id": "589fca18-4515-4af5-94e8-f9ad9265d6af",
                            "image_name": "Container-Linux_1632",
                            "key_pair": "PB_ITE_1",
                            "name": "k8s-nagoya-node11",
                            "network.#": "1",
                            "network.0.access_network": "false",
                            "network.0.fixed_ip_v4": "192.168.8.11",
                            "network.0.fixed_ip_v6": "",
                            "network.0.floating_ip": "",
                            "network.0.mac": "02:7c:77:75:e7:09",
                            "network.0.name": "network_nagoya",
                            "network.0.port": "7c7775e7-09db-4b18-858e-37677cd3c1cd",
                            "network.0.uuid": "8dca6a1e-bc48-42d3-8cce-ea94c16a6d26",
                            "region": "AMS",
                            "security_groups.#": "1",
                            "security_groups.2614546402": "secgroup_nagoya-1",
                            "stop_before_destroy": "false",
                            "user_data": "88bf18c35a8a79e4795899748193851a00fe7cec"
                        },
                        "meta": {
                            "e2bfb730-ecaa-11e6-8f88-34363bc7c4c0": {
                                "create": 1800000000000,
                                "delete": 1800000000000,
                                "update": 1800000000000
                            }
                        },
                        "tainted": false
                    },
                    "deposed": [],
                    "provider": "provider.openstack"
                },
                "openstack_compute_instance_v2.k8s-nagoya-node12": {
                    "type": "openstack_compute_instance_v2",
                    "depends_on": [
                        "openstack_networking_network_v2.network_nagoya",
                        "openstack_networking_port_v2.k8s_nagoya_port_12",
                        "openstack_networking_secgroup_v2.secgroup_nagoya-1"
                    ],
                    "primary": {
                        "id": "e6aa05d6-b519-4cbb-b9df-5808a0f38f49",
                        "attributes": {
                            "access_ip_v4": "192.168.8.12",
                            "access_ip_v6": "",
                            "all_metadata.%": "0",
                            "availability_zone": "AMS-EQ1",
                            "flavor_id": "2004",
                            "flavor_name": "Small HD 4GB",
                            "force_delete": "false",
                            "id": "e6aa05d6-b519-4cbb-b9df-5808a0f38f49",
                            "image_id": "589fca18-4515-4af5-94e8-f9ad9265d6af",
                            "image_name": "Container-Linux_1632",
                            "key_pair": "PB_ITE_1",
                            "name": "k8s-nagoya-node12",
                            "network.#": "1",
                            "network.0.access_network": "false",
                            "network.0.fixed_ip_v4": "192.168.8.12",
                            "network.0.fixed_ip_v6": "",
                            "network.0.floating_ip": "",
                            "network.0.mac": "02:58:1a:e4:16:73",
                            "network.0.name": "network_nagoya",
                            "network.0.port": "581ae416-7354-4b56-880b-2ce727de418a",
                            "network.0.uuid": "8dca6a1e-bc48-42d3-8cce-ea94c16a6d26",
                            "region": "AMS",
                            "security_groups.#": "1",
                            "security_groups.2614546402": "secgroup_nagoya-1",
                            "stop_before_destroy": "false",
                            "user_data": "fc609900633bd6457ea61b5780b02de09adabb68"
                        },
                        "meta": {
                            "e2bfb730-ecaa-11e6-8f88-34363bc7c4c0": {
                                "create": 1800000000000,
                                "delete": 1800000000000,
                                "update": 1800000000000
                            }
                        },
                        "tainted": false
                    },
                    "deposed": [],
                    "provider": "provider.openstack"
                },
                "openstack_compute_instance_v2.k8s-nagoya-node13": {
                    "type": "openstack_compute_instance_v2",
                    "depends_on": [
                        "openstack_networking_network_v2.network_nagoya",
                        "openstack_networking_port_v2.k8s_nagoya_port_13",
                        "openstack_networking_secgroup_v2.secgroup_nagoya-1"
                    ],
                    "primary": {
                        "id": "c042ea30-0411-4b8a-a7c7-f4e72ec889c5",
                        "attributes": {
                            "access_ip_v4": "192.168.8.13",
                            "access_ip_v6": "",
                            "all_metadata.%": "0",
                            "availability_zone": "AMS-EQ1",
                            "flavor_id": "2008",
                            "flavor_name": "Small HD 8GB",
                            "force_delete": "false",
                            "id": "c042ea30-0411-4b8a-a7c7-f4e72ec889c5",
                            "image_id": "589fca18-4515-4af5-94e8-f9ad9265d6af",
                            "image_name": "Container-Linux_1632",
                            "key_pair": "PB_ITE_1",
                            "name": "k8s-nagoya-node13",
                            "network.#": "1",
                            "network.0.access_network": "false",
                            "network.0.fixed_ip_v4": "192.168.8.13",
                            "network.0.fixed_ip_v6": "",
                            "network.0.floating_ip": "",
                            "network.0.mac": "02:44:37:96:16:90",
                            "network.0.name": "network_nagoya",
                            "network.0.port": "44379616-902a-4e00-9fd3-2efbea6b818d",
                            "network.0.uuid": "8dca6a1e-bc48-42d3-8cce-ea94c16a6d26",
                            "region": "AMS",
                            "security_groups.#": "1",
                            "security_groups.2614546402": "secgroup_nagoya-1",
                            "stop_before_destroy": "false",
                            "user_data": "9d48c961851a17e8cdcdba7d94bff22e08896153"
                        },
                        "meta": {
                            "e2bfb730-ecaa-11e6-8f88-34363bc7c4c0": {
                                "create": 1800000000000,
                                "delete": 1800000000000,
                                "update": 1800000000000
                            }
                        },
                        "tainted": false
                    },
                    "deposed": [],
                    "provider": "provider.openstack"
                },
                "openstack_compute_instance_v2.k8s-nagoya-node14": {
                    "type": "openstack_compute_instance_v2",
                    "depends_on": [
                        "openstack_networking_network_v2.network_nagoya",
                        "openstack_networking_port_v2.k8s_nagoya_port_14",
                        "openstack_networking_secgroup_v2.secgroup_nagoya-1"
                    ],
                    "primary": {
                        "id": "43ccecbf-b7d3-4777-a15e-09f6f298237a",
                        "attributes": {
                            "access_ip_v4": "192.168.8.14",
                            "access_ip_v6": "",
                            "all_metadata.%": "0",
                            "availability_zone": "AMS-EQ1",
                            "flavor_id": "2008",
                            "flavor_name": "Small HD 8GB",
                            "force_delete": "false",
                            "id": "43ccecbf-b7d3-4777-a15e-09f6f298237a",
                            "image_id": "589fca18-4515-4af5-94e8-f9ad9265d6af",
                            "image_name": "Container-Linux_1632",
                            "key_pair": "PB_ITE_1",
                            "name": "k8s-nagoya-node14",
                            "network.#": "1",
                            "network.0.access_network": "false",
                            "network.0.fixed_ip_v4": "192.168.8.14",
                            "network.0.fixed_ip_v6": "",
                            "network.0.floating_ip": "",
                            "network.0.mac": "02:33:93:37:cf:42",
                            "network.0.name": "network_nagoya",
                            "network.0.port": "339337cf-4245-4e7d-a686-e516ee7b6670",
                            "network.0.uuid": "8dca6a1e-bc48-42d3-8cce-ea94c16a6d26",
                            "region": "AMS",
                            "security_groups.#": "1",
                            "security_groups.2614546402": "secgroup_nagoya-1",
                            "stop_before_destroy": "false",
                            "user_data": "a6e3471b7280619447ef3dc9aca5ce360904880a"
                        },
                        "meta": {
                            "e2bfb730-ecaa-11e6-8f88-34363bc7c4c0": {
                                "create": 1800000000000,
                                "delete": 1800000000000,
                                "update": 1800000000000
                            }
                        },
                        "tainted": false
                    },
                    "deposed": [],
                    "provider": "provider.openstack"
                },
                "openstack_lb_listener_v2.nagoya_listener_1": {
                    "type": "openstack_lb_listener_v2",
                    "depends_on": [
                        "openstack_lb_loadbalancer_v2.nagoya_lb_1"
                    ],
                    "primary": {
                        "id": "9d98c37f-5877-4632-ba67-13d7f496f8a7",
                        "attributes": {
                            "admin_state_up": "true",
                            "connection_limit": "0",
                            "default_pool_id": "",
                            "default_tls_container_ref": "",
                            "description": "",
                            "id": "9d98c37f-5877-4632-ba67-13d7f496f8a7",
                            "loadbalancer_id": "18490401-dbf6-4983-880f-bdcb27b4bb16",
                            "name": "nagoya_listener_1",
                            "protocol": "TCP",
                            "protocol_port": "443",
                            "region": "AMS",
                            "sni_container_refs.#": "0",
                            "tenant_id": "1043b33ad5b145f0b0086c6071f1649f"
                        },
                        "meta": {
                            "e2bfb730-ecaa-11e6-8f88-34363bc7c4c0": {
                                "create": 600000000000,
                                "delete": 600000000000,
                                "update": 600000000000
                            }
                        },
                        "tainted": false
                    },
                    "deposed": [],
                    "provider": "provider.openstack"
                },
                "openstack_lb_listener_v2.nagoya_listener_2": {
                    "type": "openstack_lb_listener_v2",
                    "depends_on": [
                        "openstack_lb_loadbalancer_v2.nagoya_lb_2"
                    ],
                    "primary": {
                        "id": "7cff4009-28d8-423e-a5f2-7e9609b68772",
                        "attributes": {
                            "admin_state_up": "true",
                            "connection_limit": "0",
                            "default_pool_id": "",
                            "default_tls_container_ref": "",
                            "description": "",
                            "id": "7cff4009-28d8-423e-a5f2-7e9609b68772",
                            "loadbalancer_id": "d5173dbe-dcd4-4114-bcb9-fb1ec18cde00",
                            "name": "nagoya_listener_2",
                            "protocol": "TCP",
                            "protocol_port": "80",
                            "region": "AMS",
                            "sni_container_refs.#": "0",
                            "tenant_id": "1043b33ad5b145f0b0086c6071f1649f"
                        },
                        "meta": {
                            "e2bfb730-ecaa-11e6-8f88-34363bc7c4c0": {
                                "create": 600000000000,
                                "delete": 600000000000,
                                "update": 600000000000
                            }
                        },
                        "tainted": false
                    },
                    "deposed": [],
                    "provider": "provider.openstack"
                },
                "openstack_lb_listener_v2.nagoya_listener_3": {
                    "type": "openstack_lb_listener_v2",
                    "depends_on": [
                        "openstack_lb_loadbalancer_v2.nagoya_lb_2"
                    ],
                    "primary": {
                        "id": "14d4b971-635f-4561-93af-81204d3b2999",
                        "attributes": {
                            "admin_state_up": "true",
                            "connection_limit": "0",
                            "default_pool_id": "",
                            "default_tls_container_ref": "",
                            "description": "",
                            "id": "14d4b971-635f-4561-93af-81204d3b2999",
                            "loadbalancer_id": "d5173dbe-dcd4-4114-bcb9-fb1ec18cde00",
                            "name": "nagoya_listener_3",
                            "protocol": "TCP",
                            "protocol_port": "443",
                            "region": "AMS",
                            "sni_container_refs.#": "0",
                            "tenant_id": "1043b33ad5b145f0b0086c6071f1649f"
                        },
                        "meta": {
                            "e2bfb730-ecaa-11e6-8f88-34363bc7c4c0": {
                                "create": 600000000000,
                                "delete": 600000000000,
                                "update": 600000000000
                            }
                        },
                        "tainted": false
                    },
                    "deposed": [],
                    "provider": "provider.openstack"
                },
                "openstack_lb_loadbalancer_v2.nagoya_lb_1": {
                    "type": "openstack_lb_loadbalancer_v2",
                    "depends_on": [
                        "openstack_networking_subnet_v2.subnet_nagoya"
                    ],
                    "primary": {
                        "id": "18490401-dbf6-4983-880f-bdcb27b4bb16",
                        "attributes": {
                            "admin_state_up": "true",
                            "description": "",
                            "flavor": "",
                            "id": "18490401-dbf6-4983-880f-bdcb27b4bb16",
                            "loadbalancer_provider": "opencontrail",
                            "name": "nagoya_lb_1",
                            "region": "AMS",
                            "security_group_ids.#": "1",
                            "security_group_ids.3417921864": "c9537380-5f5c-497a-98c3-980b6ba6999e",
                            "tenant_id": "1043b33ad5b145f0b0086c6071f1649f",
                            "vip_address": "192.168.8.3",
                            "vip_port_id": "a62b3788-f64f-442a-978e-9424dca9442b",
                            "vip_subnet_id": "bc69874e-912e-4286-96b1-116803d94660"
                        },
                        "meta": {
                            "e2bfb730-ecaa-11e6-8f88-34363bc7c4c0": {
                                "create": 600000000000,
                                "delete": 300000000000,
                                "update": 600000000000
                            }
                        },
                        "tainted": false
                    },
                    "deposed": [],
                    "provider": "provider.openstack"
                },
                "openstack_lb_loadbalancer_v2.nagoya_lb_2": {
                    "type": "openstack_lb_loadbalancer_v2",
                    "depends_on": [
                        "openstack_lb_loadbalancer_v2.nagoya_lb_1",
                        "openstack_networking_secgroup_v2.secgroup_nagoya-1",
                        "openstack_networking_subnet_v2.subnet_nagoya"
                    ],
                    "primary": {
                        "id": "d5173dbe-dcd4-4114-bcb9-fb1ec18cde00",
                        "attributes": {
                            "admin_state_up": "true",
                            "description": "",
                            "flavor": "",
                            "id": "d5173dbe-dcd4-4114-bcb9-fb1ec18cde00",
                            "loadbalancer_provider": "opencontrail",
                            "name": "nagoya_lb_2",
                            "region": "AMS",
                            "security_group_ids.#": "1",
                            "security_group_ids.917157640": "e69144b4-ca62-4888-9ec7-834860867225",
                            "tenant_id": "1043b33ad5b145f0b0086c6071f1649f",
                            "vip_address": "192.168.8.4",
                            "vip_port_id": "60816345-5728-454a-9c77-d4104a078801",
                            "vip_subnet_id": "bc69874e-912e-4286-96b1-116803d94660"
                        },
                        "meta": {
                            "e2bfb730-ecaa-11e6-8f88-34363bc7c4c0": {
                                "create": 600000000000,
                                "delete": 300000000000,
                                "update": 600000000000
                            }
                        },
                        "tainted": false
                    },
                    "deposed": [],
                    "provider": "provider.openstack"
                },
                "openstack_lb_member_v2.nagoya_member_1_1": {
                    "type": "openstack_lb_member_v2",
                    "depends_on": [
                        "openstack_compute_instance_v2.k8s-nagoya-node10",
                        "openstack_lb_pool_v2.nagoya_pool_1",
                        "openstack_networking_subnet_v2.subnet_nagoya"
                    ],
                    "primary": {
                        "id": "fdc95053-1f6d-4d17-86cf-73069cd40039",
                        "attributes": {
                            "address": "192.168.8.10",
                            "admin_state_up": "true",
                            "id": "fdc95053-1f6d-4d17-86cf-73069cd40039",
                            "name": "fdc95053-1f6d-4d17-86cf-73069cd40039",
                            "pool_id": "f7f03c24-72fc-4ae0-a126-517a8ca5e6b4",
                            "protocol_port": "443",
                            "region": "AMS",
                            "subnet_id": "",
                            "tenant_id": "1043b33ad5b145f0b0086c6071f1649f",
                            "weight": "1"
                        },
                        "meta": {
                            "e2bfb730-ecaa-11e6-8f88-34363bc7c4c0": {
                                "create": 600000000000,
                                "delete": 600000000000,
                                "update": 600000000000
                            }
                        },
                        "tainted": false
                    },
                    "deposed": [],
                    "provider": "provider.openstack"
                },
                "openstack_lb_member_v2.nagoya_member_1_2": {
                    "type": "openstack_lb_member_v2",
                    "depends_on": [
                        "openstack_compute_instance_v2.k8s-nagoya-node11",
                        "openstack_lb_pool_v2.nagoya_pool_1",
                        "openstack_networking_subnet_v2.subnet_nagoya"
                    ],
                    "primary": {
                        "id": "90637fe8-8c15-479e-a7de-53862b341a2d",
                        "attributes": {
                            "address": "192.168.8.11",
                            "admin_state_up": "true",
                            "id": "90637fe8-8c15-479e-a7de-53862b341a2d",
                            "name": "90637fe8-8c15-479e-a7de-53862b341a2d",
                            "pool_id": "f7f03c24-72fc-4ae0-a126-517a8ca5e6b4",
                            "protocol_port": "443",
                            "region": "AMS",
                            "subnet_id": "",
                            "tenant_id": "1043b33ad5b145f0b0086c6071f1649f",
                            "weight": "1"
                        },
                        "meta": {
                            "e2bfb730-ecaa-11e6-8f88-34363bc7c4c0": {
                                "create": 600000000000,
                                "delete": 600000000000,
                                "update": 600000000000
                            }
                        },
                        "tainted": false
                    },
                    "deposed": [],
                    "provider": "provider.openstack"
                },
                "openstack_lb_member_v2.nagoya_member_1_3": {
                    "type": "openstack_lb_member_v2",
                    "depends_on": [
                        "openstack_compute_instance_v2.k8s-nagoya-node12",
                        "openstack_lb_pool_v2.nagoya_pool_1",
                        "openstack_networking_subnet_v2.subnet_nagoya"
                    ],
                    "primary": {
                        "id": "0d793cca-d9bf-40ab-812e-b33282b5867e",
                        "attributes": {
                            "address": "192.168.8.12",
                            "admin_state_up": "true",
                            "id": "0d793cca-d9bf-40ab-812e-b33282b5867e",
                            "name": "0d793cca-d9bf-40ab-812e-b33282b5867e",
                            "pool_id": "f7f03c24-72fc-4ae0-a126-517a8ca5e6b4",
                            "protocol_port": "443",
                            "region": "AMS",
                            "subnet_id": "",
                            "tenant_id": "1043b33ad5b145f0b0086c6071f1649f",
                            "weight": "1"
                        },
                        "meta": {
                            "e2bfb730-ecaa-11e6-8f88-34363bc7c4c0": {
                                "create": 600000000000,
                                "delete": 600000000000,
                                "update": 600000000000
                            }
                        },
                        "tainted": false
                    },
                    "deposed": [],
                    "provider": "provider.openstack"
                },
                "openstack_lb_member_v2.nagoya_member_2_1": {
                    "type": "openstack_lb_member_v2",
                    "depends_on": [
                        "openstack_compute_instance_v2.k8s-nagoya-node13",
                        "openstack_lb_pool_v2.nagoya_pool_2",
                        "openstack_networking_subnet_v2.subnet_nagoya"
                    ],
                    "primary": {
                        "id": "d42bf859-de70-4523-b896-1b1950ce8b14",
                        "attributes": {
                            "address": "192.168.8.13",
                            "admin_state_up": "true",
                            "id": "d42bf859-de70-4523-b896-1b1950ce8b14",
                            "name": "d42bf859-de70-4523-b896-1b1950ce8b14",
                            "pool_id": "c1de48d7-13b8-47f4-9eea-663612acf597",
                            "protocol_port": "80",
                            "region": "AMS",
                            "subnet_id": "",
                            "tenant_id": "1043b33ad5b145f0b0086c6071f1649f",
                            "weight": "1"
                        },
                        "meta": {
                            "e2bfb730-ecaa-11e6-8f88-34363bc7c4c0": {
                                "create": 600000000000,
                                "delete": 600000000000,
                                "update": 600000000000
                            }
                        },
                        "tainted": false
                    },
                    "deposed": [],
                    "provider": "provider.openstack"
                },
                "openstack_lb_member_v2.nagoya_member_2_2": {
                    "type": "openstack_lb_member_v2",
                    "depends_on": [
                        "openstack_compute_instance_v2.k8s-nagoya-node14",
                        "openstack_lb_pool_v2.nagoya_pool_2",
                        "openstack_networking_subnet_v2.subnet_nagoya"
                    ],
                    "primary": {
                        "id": "c6c2bdf4-65ac-4554-976e-24881daf379a",
                        "attributes": {
                            "address": "192.168.8.14",
                            "admin_state_up": "true",
                            "id": "c6c2bdf4-65ac-4554-976e-24881daf379a",
                            "name": "c6c2bdf4-65ac-4554-976e-24881daf379a",
                            "pool_id": "c1de48d7-13b8-47f4-9eea-663612acf597",
                            "protocol_port": "80",
                            "region": "AMS",
                            "subnet_id": "",
                            "tenant_id": "1043b33ad5b145f0b0086c6071f1649f",
                            "weight": "1"
                        },
                        "meta": {
                            "e2bfb730-ecaa-11e6-8f88-34363bc7c4c0": {
                                "create": 600000000000,
                                "delete": 600000000000,
                                "update": 600000000000
                            }
                        },
                        "tainted": false
                    },
                    "deposed": [],
                    "provider": "provider.openstack"
                },
                "openstack_lb_member_v2.nagoya_member_3_1": {
                    "type": "openstack_lb_member_v2",
                    "depends_on": [
                        "openstack_compute_instance_v2.k8s-nagoya-node13",
                        "openstack_lb_pool_v2.nagoya_pool_3",
                        "openstack_networking_subnet_v2.subnet_nagoya"
                    ],
                    "primary": {
                        "id": "a0d7183e-7a68-44d6-a82f-39a3a200b1ba",
                        "attributes": {
                            "address": "192.168.8.13",
                            "admin_state_up": "true",
                            "id": "a0d7183e-7a68-44d6-a82f-39a3a200b1ba",
                            "name": "a0d7183e-7a68-44d6-a82f-39a3a200b1ba",
                            "pool_id": "afa615a9-b8f0-4d4e-b66c-f8e3388702c6",
                            "protocol_port": "443",
                            "region": "AMS",
                            "subnet_id": "",
                            "tenant_id": "1043b33ad5b145f0b0086c6071f1649f",
                            "weight": "1"
                        },
                        "meta": {
                            "e2bfb730-ecaa-11e6-8f88-34363bc7c4c0": {
                                "create": 600000000000,
                                "delete": 600000000000,
                                "update": 600000000000
                            }
                        },
                        "tainted": false
                    },
                    "deposed": [],
                    "provider": "provider.openstack"
                },
                "openstack_lb_member_v2.nagoya_member_3_2": {
                    "type": "openstack_lb_member_v2",
                    "depends_on": [
                        "openstack_compute_instance_v2.k8s-nagoya-node14",
                        "openstack_lb_pool_v2.nagoya_pool_3",
                        "openstack_networking_subnet_v2.subnet_nagoya"
                    ],
                    "primary": {
                        "id": "a92edd84-5d4a-4c75-9ce6-e4e9f8292a7c",
                        "attributes": {
                            "address": "192.168.8.14",
                            "admin_state_up": "true",
                            "id": "a92edd84-5d4a-4c75-9ce6-e4e9f8292a7c",
                            "name": "a92edd84-5d4a-4c75-9ce6-e4e9f8292a7c",
                            "pool_id": "afa615a9-b8f0-4d4e-b66c-f8e3388702c6",
                            "protocol_port": "443",
                            "region": "AMS",
                            "subnet_id": "",
                            "tenant_id": "1043b33ad5b145f0b0086c6071f1649f",
                            "weight": "1"
                        },
                        "meta": {
                            "e2bfb730-ecaa-11e6-8f88-34363bc7c4c0": {
                                "create": 600000000000,
                                "delete": 600000000000,
                                "update": 600000000000
                            }
                        },
                        "tainted": false
                    },
                    "deposed": [],
                    "provider": "provider.openstack"
                },
                "openstack_lb_monitor_v2.nagoya_monitor_1": {
                    "type": "openstack_lb_monitor_v2",
                    "depends_on": [
                        "openstack_lb_pool_v2.nagoya_pool_1"
                    ],
                    "primary": {
                        "id": "1393a3d7-6394-48c9-a520-fc9cf733973e",
                        "attributes": {
                            "admin_state_up": "true",
                            "delay": "20",
                            "expected_codes": "",
                            "http_method": "",
                            "id": "1393a3d7-6394-48c9-a520-fc9cf733973e",
                            "max_retries": "5",
                            "name": "1393a3d7-6394-48c9-a520-fc9cf733973e",
                            "pool_id": "f7f03c24-72fc-4ae0-a126-517a8ca5e6b4",
                            "region": "AMS",
                            "tenant_id": "1043b33ad5b145f0b0086c6071f1649f",
                            "timeout": "10",
                            "type": "PING",
                            "url_path": ""
                        },
                        "meta": {
                            "e2bfb730-ecaa-11e6-8f88-34363bc7c4c0": {
                                "create": 600000000000,
                                "delete": 600000000000,
                                "update": 600000000000
                            }
                        },
                        "tainted": false
                    },
                    "deposed": [],
                    "provider": "provider.openstack"
                },
                "openstack_lb_monitor_v2.nagoya_monitor_2": {
                    "type": "openstack_lb_monitor_v2",
                    "depends_on": [
                        "openstack_lb_pool_v2.nagoya_pool_2"
                    ],
                    "primary": {
                        "id": "0de96cf7-8b08-4e07-9cea-9e60372c3241",
                        "attributes": {
                            "admin_state_up": "true",
                            "delay": "20",
                            "expected_codes": "",
                            "http_method": "",
                            "id": "0de96cf7-8b08-4e07-9cea-9e60372c3241",
                            "max_retries": "5",
                            "name": "0de96cf7-8b08-4e07-9cea-9e60372c3241",
                            "pool_id": "c1de48d7-13b8-47f4-9eea-663612acf597",
                            "region": "AMS",
                            "tenant_id": "1043b33ad5b145f0b0086c6071f1649f",
                            "timeout": "10",
                            "type": "PING",
                            "url_path": ""
                        },
                        "meta": {
                            "e2bfb730-ecaa-11e6-8f88-34363bc7c4c0": {
                                "create": 600000000000,
                                "delete": 600000000000,
                                "update": 600000000000
                            }
                        },
                        "tainted": false
                    },
                    "deposed": [],
                    "provider": "provider.openstack"
                },
                "openstack_lb_pool_v2.nagoya_pool_1": {
                    "type": "openstack_lb_pool_v2",
                    "depends_on": [
                        "openstack_lb_listener_v2.nagoya_listener_1"
                    ],
                    "primary": {
                        "id": "f7f03c24-72fc-4ae0-a126-517a8ca5e6b4",
                        "attributes": {
                            "admin_state_up": "true",
                            "description": "",
                            "id": "f7f03c24-72fc-4ae0-a126-517a8ca5e6b4",
                            "lb_method": "ROUND_ROBIN",
                            "listener_id": "9d98c37f-5877-4632-ba67-13d7f496f8a7",
                            "name": "nagoya_pool_1",
                            "protocol": "TCP",
                            "region": "AMS",
                            "tenant_id": "1043b33ad5b145f0b0086c6071f1649f"
                        },
                        "meta": {
                            "e2bfb730-ecaa-11e6-8f88-34363bc7c4c0": {
                                "create": 600000000000,
                                "delete": 600000000000,
                                "update": 600000000000
                            }
                        },
                        "tainted": false
                    },
                    "deposed": [],
                    "provider": "provider.openstack"
                },
                "openstack_lb_pool_v2.nagoya_pool_2": {
                    "type": "openstack_lb_pool_v2",
                    "depends_on": [
                        "openstack_lb_listener_v2.nagoya_listener_2"
                    ],
                    "primary": {
                        "id": "c1de48d7-13b8-47f4-9eea-663612acf597",
                        "attributes": {
                            "admin_state_up": "true",
                            "description": "",
                            "id": "c1de48d7-13b8-47f4-9eea-663612acf597",
                            "lb_method": "ROUND_ROBIN",
                            "listener_id": "7cff4009-28d8-423e-a5f2-7e9609b68772",
                            "name": "nagoya_pool_2",
                            "protocol": "TCP",
                            "region": "AMS",
                            "tenant_id": "1043b33ad5b145f0b0086c6071f1649f"
                        },
                        "meta": {
                            "e2bfb730-ecaa-11e6-8f88-34363bc7c4c0": {
                                "create": 600000000000,
                                "delete": 600000000000,
                                "update": 600000000000
                            }
                        },
                        "tainted": false
                    },
                    "deposed": [],
                    "provider": "provider.openstack"
                },
                "openstack_lb_pool_v2.nagoya_pool_3": {
                    "type": "openstack_lb_pool_v2",
                    "depends_on": [
                        "openstack_lb_listener_v2.nagoya_listener_3"
                    ],
                    "primary": {
                        "id": "afa615a9-b8f0-4d4e-b66c-f8e3388702c6",
                        "attributes": {
                            "admin_state_up": "true",
                            "description": "",
                            "id": "afa615a9-b8f0-4d4e-b66c-f8e3388702c6",
                            "lb_method": "ROUND_ROBIN",
                            "listener_id": "14d4b971-635f-4561-93af-81204d3b2999",
                            "name": "nagoya_pool_3",
                            "protocol": "TCP",
                            "region": "AMS",
                            "tenant_id": "1043b33ad5b145f0b0086c6071f1649f"
                        },
                        "meta": {
                            "e2bfb730-ecaa-11e6-8f88-34363bc7c4c0": {
                                "create": 600000000000,
                                "delete": 600000000000,
                                "update": 600000000000
                            }
                        },
                        "tainted": false
                    },
                    "deposed": [],
                    "provider": "provider.openstack"
                },
                "openstack_networking_floatingip_v2.nagoya_lb_2_floatip_1": {
                    "type": "openstack_networking_floatingip_v2",
                    "depends_on": [
                        "openstack_lb_loadbalancer_v2.nagoya_lb_2"
                    ],
                    "primary": {
                        "id": "ad48d501-a62b-4301-bd61-596c42ee94a7",
                        "attributes": {
                            "address": "83.96.238.54",
                            "fixed_ip": "192.168.8.4",
                            "id": "ad48d501-a62b-4301-bd61-596c42ee94a7",
                            "pool": "floating",
                            "port_id": "60816345-5728-454a-9c77-d4104a078801",
                            "region": "AMS",
                            "tenant_id": "1043b33ad5b145f0b0086c6071f1649f"
                        },
                        "meta": {
                            "e2bfb730-ecaa-11e6-8f88-34363bc7c4c0": {
                                "create": 600000000000,
                                "delete": 600000000000
                            }
                        },
                        "tainted": false
                    },
                    "deposed": [],
                    "provider": "provider.openstack"
                },
                "openstack_networking_network_v2.network_nagoya": {
                    "type": "openstack_networking_network_v2",
                    "depends_on": [],
                    "primary": {
                        "id": "8dca6a1e-bc48-42d3-8cce-ea94c16a6d26",
                        "attributes": {
                            "admin_state_up": "true",
                            "availability_zone_hints.#": "0",
                            "id": "8dca6a1e-bc48-42d3-8cce-ea94c16a6d26",
                            "name": "network_nagoya",
                            "region": "AMS",
                            "shared": "false",
                            "tenant_id": "1043b33ad5b145f0b0086c6071f1649f"
                        },
                        "meta": {
                            "e2bfb730-ecaa-11e6-8f88-34363bc7c4c0": {
                                "create": 600000000000,
                                "delete": 600000000000
                            }
                        },
                        "tainted": false
                    },
                    "deposed": [],
                    "provider": "provider.openstack"
                },
                "openstack_networking_port_v2.k8s_nagoya_port_10": {
                    "type": "openstack_networking_port_v2",
                    "depends_on": [
                        "openstack_networking_network_v2.network_nagoya",
                        "openstack_networking_secgroup_v2.secgroup_nagoya-1",
                        "openstack_networking_subnet_v2.subnet_nagoya"
                    ],
                    "primary": {
                        "id": "2b7492b4-51d0-49f9-b63a-244c3a174498",
                        "attributes": {
                            "admin_state_up": "true",
                            "all_fixed_ips.#": "1",
                            "all_fixed_ips.0": "192.168.8.10",
                            "all_security_group_ids.#": "1",
                            "all_security_group_ids.917157640": "e69144b4-ca62-4888-9ec7-834860867225",
                            "allowed_address_pairs.#": "0",
                            "device_id": "",
                            "device_owner": "",
                            "fixed_ip.#": "1",
                            "fixed_ip.0.ip_address": "192.168.8.10",
                            "fixed_ip.0.subnet_id": "bc69874e-912e-4286-96b1-116803d94660",
                            "id": "2b7492b4-51d0-49f9-b63a-244c3a174498",
                            "mac_address": "02:2b:74:92:b4:51",
                            "name": "k8s_nagoya_port_10",
                            "network_id": "8dca6a1e-bc48-42d3-8cce-ea94c16a6d26",
                            "region": "AMS",
                            "security_group_ids.#": "1",
                            "security_group_ids.917157640": "e69144b4-ca62-4888-9ec7-834860867225",
                            "tenant_id": "1043b33ad5b145f0b0086c6071f1649f"
                        },
                        "meta": {
                            "e2bfb730-ecaa-11e6-8f88-34363bc7c4c0": {
                                "create": 600000000000,
                                "delete": 600000000000
                            }
                        },
                        "tainted": false
                    },
                    "deposed": [],
                    "provider": "provider.openstack"
                },
                "openstack_networking_port_v2.k8s_nagoya_port_11": {
                    "type": "openstack_networking_port_v2",
                    "depends_on": [
                        "openstack_networking_network_v2.network_nagoya",
                        "openstack_networking_secgroup_v2.secgroup_nagoya-1",
                        "openstack_networking_subnet_v2.subnet_nagoya"
                    ],
                    "primary": {
                        "id": "7c7775e7-09db-4b18-858e-37677cd3c1cd",
                        "attributes": {
                            "admin_state_up": "true",
                            "all_fixed_ips.#": "1",
                            "all_fixed_ips.0": "192.168.8.11",
                            "all_security_group_ids.#": "1",
                            "all_security_group_ids.917157640": "e69144b4-ca62-4888-9ec7-834860867225",
                            "allowed_address_pairs.#": "0",
                            "device_id": "",
                            "device_owner": "",
                            "fixed_ip.#": "1",
                            "fixed_ip.0.ip_address": "192.168.8.11",
                            "fixed_ip.0.subnet_id": "bc69874e-912e-4286-96b1-116803d94660",
                            "id": "7c7775e7-09db-4b18-858e-37677cd3c1cd",
                            "mac_address": "02:7c:77:75:e7:09",
                            "name": "k8s_nagoya_port_11",
                            "network_id": "8dca6a1e-bc48-42d3-8cce-ea94c16a6d26",
                            "region": "AMS",
                            "security_group_ids.#": "1",
                            "security_group_ids.917157640": "e69144b4-ca62-4888-9ec7-834860867225",
                            "tenant_id": "1043b33ad5b145f0b0086c6071f1649f"
                        },
                        "meta": {
                            "e2bfb730-ecaa-11e6-8f88-34363bc7c4c0": {
                                "create": 600000000000,
                                "delete": 600000000000
                            }
                        },
                        "tainted": false
                    },
                    "deposed": [],
                    "provider": "provider.openstack"
                },
                "openstack_networking_port_v2.k8s_nagoya_port_12": {
                    "type": "openstack_networking_port_v2",
                    "depends_on": [
                        "openstack_networking_network_v2.network_nagoya",
                        "openstack_networking_secgroup_v2.secgroup_nagoya-1",
                        "openstack_networking_subnet_v2.subnet_nagoya"
                    ],
                    "primary": {
                        "id": "581ae416-7354-4b56-880b-2ce727de418a",
                        "attributes": {
                            "admin_state_up": "true",
                            "all_fixed_ips.#": "1",
                            "all_fixed_ips.0": "192.168.8.12",
                            "all_security_group_ids.#": "1",
                            "all_security_group_ids.917157640": "e69144b4-ca62-4888-9ec7-834860867225",
                            "allowed_address_pairs.#": "0",
                            "device_id": "",
                            "device_owner": "",
                            "fixed_ip.#": "1",
                            "fixed_ip.0.ip_address": "192.168.8.12",
                            "fixed_ip.0.subnet_id": "bc69874e-912e-4286-96b1-116803d94660",
                            "id": "581ae416-7354-4b56-880b-2ce727de418a",
                            "mac_address": "02:58:1a:e4:16:73",
                            "name": "k8s_nagoya_port_12",
                            "network_id": "8dca6a1e-bc48-42d3-8cce-ea94c16a6d26",
                            "region": "AMS",
                            "security_group_ids.#": "1",
                            "security_group_ids.917157640": "e69144b4-ca62-4888-9ec7-834860867225",
                            "tenant_id": "1043b33ad5b145f0b0086c6071f1649f"
                        },
                        "meta": {
                            "e2bfb730-ecaa-11e6-8f88-34363bc7c4c0": {
                                "create": 600000000000,
                                "delete": 600000000000
                            }
                        },
                        "tainted": false
                    },
                    "deposed": [],
                    "provider": "provider.openstack"
                },
                "openstack_networking_port_v2.k8s_nagoya_port_13": {
                    "type": "openstack_networking_port_v2",
                    "depends_on": [
                        "openstack_networking_network_v2.network_nagoya",
                        "openstack_networking_secgroup_v2.secgroup_nagoya-1",
                        "openstack_networking_subnet_v2.subnet_nagoya"
                    ],
                    "primary": {
                        "id": "44379616-902a-4e00-9fd3-2efbea6b818d",
                        "attributes": {
                            "admin_state_up": "true",
                            "all_fixed_ips.#": "1",
                            "all_fixed_ips.0": "192.168.8.13",
                            "all_security_group_ids.#": "1",
                            "all_security_group_ids.917157640": "e69144b4-ca62-4888-9ec7-834860867225",
                            "allowed_address_pairs.#": "0",
                            "device_id": "",
                            "device_owner": "",
                            "fixed_ip.#": "1",
                            "fixed_ip.0.ip_address": "192.168.8.13",
                            "fixed_ip.0.subnet_id": "bc69874e-912e-4286-96b1-116803d94660",
                            "id": "44379616-902a-4e00-9fd3-2efbea6b818d",
                            "mac_address": "02:44:37:96:16:90",
                            "name": "k8s_nagoya_port_13",
                            "network_id": "8dca6a1e-bc48-42d3-8cce-ea94c16a6d26",
                            "region": "AMS",
                            "security_group_ids.#": "1",
                            "security_group_ids.917157640": "e69144b4-ca62-4888-9ec7-834860867225",
                            "tenant_id": "1043b33ad5b145f0b0086c6071f1649f"
                        },
                        "meta": {
                            "e2bfb730-ecaa-11e6-8f88-34363bc7c4c0": {
                                "create": 600000000000,
                                "delete": 600000000000
                            }
                        },
                        "tainted": false
                    },
                    "deposed": [],
                    "provider": "provider.openstack"
                },
                "openstack_networking_port_v2.k8s_nagoya_port_14": {
                    "type": "openstack_networking_port_v2",
                    "depends_on": [
                        "openstack_networking_network_v2.network_nagoya",
                        "openstack_networking_secgroup_v2.secgroup_nagoya-1",
                        "openstack_networking_subnet_v2.subnet_nagoya"
                    ],
                    "primary": {
                        "id": "339337cf-4245-4e7d-a686-e516ee7b6670",
                        "attributes": {
                            "admin_state_up": "true",
                            "all_fixed_ips.#": "1",
                            "all_fixed_ips.0": "192.168.8.14",
                            "all_security_group_ids.#": "1",
                            "all_security_group_ids.917157640": "e69144b4-ca62-4888-9ec7-834860867225",
                            "allowed_address_pairs.#": "0",
                            "device_id": "",
                            "device_owner": "",
                            "fixed_ip.#": "1",
                            "fixed_ip.0.ip_address": "192.168.8.14",
                            "fixed_ip.0.subnet_id": "bc69874e-912e-4286-96b1-116803d94660",
                            "id": "339337cf-4245-4e7d-a686-e516ee7b6670",
                            "mac_address": "02:33:93:37:cf:42",
                            "name": "k8s_nagoya_port_14",
                            "network_id": "8dca6a1e-bc48-42d3-8cce-ea94c16a6d26",
                            "region": "AMS",
                            "security_group_ids.#": "1",
                            "security_group_ids.917157640": "e69144b4-ca62-4888-9ec7-834860867225",
                            "tenant_id": "1043b33ad5b145f0b0086c6071f1649f"
                        },
                        "meta": {
                            "e2bfb730-ecaa-11e6-8f88-34363bc7c4c0": {
                                "create": 600000000000,
                                "delete": 600000000000
                            }
                        },
                        "tainted": false
                    },
                    "deposed": [],
                    "provider": "provider.openstack"
                },
                "openstack_networking_router_interface_v2.k8s_nagoya_router_interface": {
                    "type": "openstack_networking_router_interface_v2",
                    "depends_on": [
                        "openstack_networking_router_v2.k8s_nagoya_router",
                        "openstack_networking_subnet_v2.subnet_nagoya"
                    ],
                    "primary": {
                        "id": "e9f3809d-ad06-4c7b-9102-a1f2e8c0be76",
                        "attributes": {
                            "id": "e9f3809d-ad06-4c7b-9102-a1f2e8c0be76",
                            "port_id": "e9f3809d-ad06-4c7b-9102-a1f2e8c0be76",
                            "region": "AMS",
                            "router_id": "40ef4530-903a-4bfa-9510-5f5ff767b138",
                            "subnet_id": "bc69874e-912e-4286-96b1-116803d94660"
                        },
                        "meta": {
                            "e2bfb730-ecaa-11e6-8f88-34363bc7c4c0": {
                                "create": 600000000000,
                                "delete": 600000000000
                            }
                        },
                        "tainted": false
                    },
                    "deposed": [],
                    "provider": "provider.openstack"
                },
                "openstack_networking_router_v2.k8s_nagoya_router": {
                    "type": "openstack_networking_router_v2",
                    "depends_on": [],
                    "primary": {
                        "id": "40ef4530-903a-4bfa-9510-5f5ff767b138",
                        "attributes": {
                            "admin_state_up": "true",
                            "availability_zone_hints.#": "0",
                            "distributed": "false",
                            "enable_snat": "true",
                            "external_fixed_ip.#": "0",
                            "external_gateway": "f9c73cd5-9e7b-4bfd-89eb-c2f4f584c326",
                            "external_network_id": "f9c73cd5-9e7b-4bfd-89eb-c2f4f584c326",
                            "id": "40ef4530-903a-4bfa-9510-5f5ff767b138",
                            "name": "k8s_nagoya_router",
                            "region": "AMS",
                            "tenant_id": "1043b33ad5b145f0b0086c6071f1649f"
                        },
                        "meta": {
                            "e2bfb730-ecaa-11e6-8f88-34363bc7c4c0": {
                                "create": 600000000000,
                                "delete": 600000000000
                            }
                        },
                        "tainted": false
                    },
                    "deposed": [],
                    "provider": "provider.openstack"
                },
                "openstack_networking_secgroup_rule_v2.secgroup_nagoya-1-1": {
                    "type": "openstack_networking_secgroup_rule_v2",
                    "depends_on": [
                        "openstack_networking_secgroup_v2.secgroup_nagoya-1"
                    ],
                    "primary": {
                        "id": "a11d5f68-3657-455b-94b1-fcb80c0c16d5",
                        "attributes": {
                            "direction": "ingress",
                            "ethertype": "IPv4",
                            "id": "a11d5f68-3657-455b-94b1-fcb80c0c16d5",
                            "port_range_max": "65535",
                            "port_range_min": "1",
                            "protocol": "4",
                            "region": "AMS",
                            "remote_group_id": "",
                            "remote_ip_prefix": "192.168.8.0/24",
                            "security_group_id": "e69144b4-ca62-4888-9ec7-834860867225",
                            "tenant_id": "1043b33ad5b145f0b0086c6071f1649f"
                        },
                        "meta": {
                            "e2bfb730-ecaa-11e6-8f88-34363bc7c4c0": {
                                "delete": 600000000000
                            }
                        },
                        "tainted": false
                    },
                    "deposed": [],
                    "provider": "provider.openstack"
                },
                "openstack_networking_secgroup_rule_v2.secgroup_nagoya-2-1": {
                    "type": "openstack_networking_secgroup_rule_v2",
                    "depends_on": [
                        "openstack_networking_secgroup_rule_v2.secgroup_nagoya-1-1",
                        "openstack_networking_secgroup_v2.secgroup_nagoya-1"
                    ],
                    "primary": {
                        "id": "6db9991b-4b5d-40e0-8801-0e6566ba3eab",
                        "attributes": {
                            "direction": "ingress",
                            "ethertype": "IPv4",
                            "id": "6db9991b-4b5d-40e0-8801-0e6566ba3eab",
                            "port_range_max": "80",
                            "port_range_min": "80",
                            "protocol": "tcp",
                            "region": "AMS",
                            "remote_group_id": "",
                            "remote_ip_prefix": "0.0.0.0/0",
                            "security_group_id": "e69144b4-ca62-4888-9ec7-834860867225",
                            "tenant_id": "1043b33ad5b145f0b0086c6071f1649f"
                        },
                        "meta": {
                            "e2bfb730-ecaa-11e6-8f88-34363bc7c4c0": {
                                "delete": 600000000000
                            }
                        },
                        "tainted": false
                    },
                    "deposed": [],
                    "provider": "provider.openstack"
                },
                "openstack_networking_secgroup_rule_v2.secgroup_nagoya-2-2": {
                    "type": "openstack_networking_secgroup_rule_v2",
                    "depends_on": [
                        "openstack_networking_secgroup_rule_v2.secgroup_nagoya-2-1",
                        "openstack_networking_secgroup_v2.secgroup_nagoya-1"
                    ],
                    "primary": {
                        "id": "d0c76ce2-abca-444a-9ebd-125719949b6a",
                        "attributes": {
                            "direction": "ingress",
                            "ethertype": "IPv4",
                            "id": "d0c76ce2-abca-444a-9ebd-125719949b6a",
                            "port_range_max": "443",
                            "port_range_min": "443",
                            "protocol": "tcp",
                            "region": "AMS",
                            "remote_group_id": "",
                            "remote_ip_prefix": "0.0.0.0/0",
                            "security_group_id": "e69144b4-ca62-4888-9ec7-834860867225",
                            "tenant_id": "1043b33ad5b145f0b0086c6071f1649f"
                        },
                        "meta": {
                            "e2bfb730-ecaa-11e6-8f88-34363bc7c4c0": {
                                "delete": 600000000000
                            }
                        },
                        "tainted": false
                    },
                    "deposed": [],
                    "provider": "provider.openstack"
                },
                "openstack_networking_secgroup_rule_v2.secgroup_nagoya-2-3": {
                    "type": "openstack_networking_secgroup_rule_v2",
                    "depends_on": [
                        "openstack_networking_secgroup_rule_v2.secgroup_nagoya-2-2",
                        "openstack_networking_secgroup_v2.secgroup_nagoya-1"
                    ],
                    "primary": {
                        "id": "58bd605f-ec0e-4191-8fe0-b1725e35da41",
                        "attributes": {
                            "direction": "ingress",
                            "ethertype": "IPv4",
                            "id": "58bd605f-ec0e-4191-8fe0-b1725e35da41",
                            "port_range_max": "8081",
                            "port_range_min": "8081",
                            "protocol": "tcp",
                            "region": "AMS",
                            "remote_group_id": "",
                            "remote_ip_prefix": "0.0.0.0/0",
                            "security_group_id": "e69144b4-ca62-4888-9ec7-834860867225",
                            "tenant_id": "1043b33ad5b145f0b0086c6071f1649f"
                        },
                        "meta": {
                            "e2bfb730-ecaa-11e6-8f88-34363bc7c4c0": {
                                "delete": 600000000000
                            }
                        },
                        "tainted": false
                    },
                    "deposed": [],
                    "provider": "provider.openstack"
                },
                "openstack_networking_secgroup_rule_v2.secgroup_nagoya-2-4": {
                    "type": "openstack_networking_secgroup_rule_v2",
                    "depends_on": [
                        "openstack_networking_secgroup_rule_v2.secgroup_nagoya-2-3",
                        "openstack_networking_secgroup_v2.secgroup_nagoya-1"
                    ],
                    "primary": {
                        "id": "a4f5b880-4a44-4b60-96c3-b649bdc4bf17",
                        "attributes": {
                            "direction": "ingress",
                            "ethertype": "IPv4",
                            "id": "a4f5b880-4a44-4b60-96c3-b649bdc4bf17",
                            "port_range_max": "22",
                            "port_range_min": "22",
                            "protocol": "tcp",
                            "region": "AMS",
                            "remote_group_id": "",
                            "remote_ip_prefix": "0.0.0.0/0",
                            "security_group_id": "e69144b4-ca62-4888-9ec7-834860867225",
                            "tenant_id": "1043b33ad5b145f0b0086c6071f1649f"
                        },
                        "meta": {
                            "e2bfb730-ecaa-11e6-8f88-34363bc7c4c0": {
                                "delete": 600000000000
                            }
                        },
                        "tainted": false
                    },
                    "deposed": [],
                    "provider": "provider.openstack"
                },
                "openstack_networking_secgroup_rule_v2.secgroup_nagoya-3-1": {
                    "type": "openstack_networking_secgroup_rule_v2",
                    "depends_on": [
                        "openstack_networking_secgroup_rule_v2.secgroup_nagoya-2-4",
                        "openstack_networking_secgroup_v2.secgroup_nagoya-1"
                    ],
                    "primary": {
                        "id": "db125382-e033-48a3-9128-f194528b51f3",
                        "attributes": {
                            "direction": "ingress",
                            "ethertype": "IPv4",
                            "id": "db125382-e033-48a3-9128-f194528b51f3",
                            "port_range_max": "65535",
                            "port_range_min": "1",
                            "protocol": "tcp",
                            "region": "AMS",
                            "remote_group_id": "",
                            "remote_ip_prefix": "192.168.8.0/24",
                            "security_group_id": "e69144b4-ca62-4888-9ec7-834860867225",
                            "tenant_id": "1043b33ad5b145f0b0086c6071f1649f"
                        },
                        "meta": {
                            "e2bfb730-ecaa-11e6-8f88-34363bc7c4c0": {
                                "delete": 600000000000
                            }
                        },
                        "tainted": false
                    },
                    "deposed": [],
                    "provider": "provider.openstack"
                },
                "openstack_networking_secgroup_rule_v2.secgroup_nagoya-3-2": {
                    "type": "openstack_networking_secgroup_rule_v2",
                    "depends_on": [
                        "openstack_networking_secgroup_rule_v2.secgroup_nagoya-3-1",
                        "openstack_networking_secgroup_v2.secgroup_nagoya-1"
                    ],
                    "primary": {
                        "id": "2b203995-6126-40d0-b1a7-50ac7ac51b35",
                        "attributes": {
                            "direction": "ingress",
                            "ethertype": "IPv4",
                            "id": "2b203995-6126-40d0-b1a7-50ac7ac51b35",
                            "port_range_max": "65535",
                            "port_range_min": "1",
                            "protocol": "udp",
                            "region": "AMS",
                            "remote_group_id": "",
                            "remote_ip_prefix": "192.168.8.0/24",
                            "security_group_id": "e69144b4-ca62-4888-9ec7-834860867225",
                            "tenant_id": "1043b33ad5b145f0b0086c6071f1649f"
                        },
                        "meta": {
                            "e2bfb730-ecaa-11e6-8f88-34363bc7c4c0": {
                                "delete": 600000000000
                            }
                        },
                        "tainted": false
                    },
                    "deposed": [],
                    "provider": "provider.openstack"
                },
                "openstack_networking_secgroup_rule_v2.secgroup_nagoya-3-3": {
                    "type": "openstack_networking_secgroup_rule_v2",
                    "depends_on": [
                        "openstack_networking_secgroup_rule_v2.secgroup_nagoya-3-2",
                        "openstack_networking_secgroup_v2.secgroup_nagoya-1"
                    ],
                    "primary": {
                        "id": "dfc7d505-59cd-488b-8bd1-7debf03d5d87",
                        "attributes": {
                            "direction": "ingress",
                            "ethertype": "IPv4",
                            "id": "dfc7d505-59cd-488b-8bd1-7debf03d5d87",
                            "port_range_max": "0",
                            "port_range_min": "0",
                            "protocol": "icmp",
                            "region": "AMS",
                            "remote_group_id": "",
                            "remote_ip_prefix": "192.168.8.0/24",
                            "security_group_id": "e69144b4-ca62-4888-9ec7-834860867225",
                            "tenant_id": "1043b33ad5b145f0b0086c6071f1649f"
                        },
                        "meta": {
                            "e2bfb730-ecaa-11e6-8f88-34363bc7c4c0": {
                                "delete": 600000000000
                            }
                        },
                        "tainted": false
                    },
                    "deposed": [],
                    "provider": "provider.openstack"
                },
                "openstack_networking_secgroup_rule_v2.secgroup_nagoya-4-1": {
                    "type": "openstack_networking_secgroup_rule_v2",
                    "depends_on": [
                        "openstack_networking_secgroup_rule_v2.secgroup_nagoya-3-3",
                        "openstack_networking_secgroup_v2.secgroup_nagoya-1"
                    ],
                    "primary": {
                        "id": "1c614620-6893-4701-ac5e-cae50472ee70",
                        "attributes": {
                            "direction": "ingress",
                            "ethertype": "IPv4",
                            "id": "1c614620-6893-4701-ac5e-cae50472ee70",
                            "port_range_max": "65535",
                            "port_range_min": "1",
                            "protocol": "tcp",
                            "region": "AMS",
                            "remote_group_id": "",
                            "remote_ip_prefix": "10.244.0.0/16",
                            "security_group_id": "e69144b4-ca62-4888-9ec7-834860867225",
                            "tenant_id": "1043b33ad5b145f0b0086c6071f1649f"
                        },
                        "meta": {
                            "e2bfb730-ecaa-11e6-8f88-34363bc7c4c0": {
                                "delete": 600000000000
                            }
                        },
                        "tainted": false
                    },
                    "deposed": [],
                    "provider": "provider.openstack"
                },
                "openstack_networking_secgroup_rule_v2.secgroup_nagoya-4-2": {
                    "type": "openstack_networking_secgroup_rule_v2",
                    "depends_on": [
                        "openstack_networking_secgroup_rule_v2.secgroup_nagoya-4-1",
                        "openstack_networking_secgroup_v2.secgroup_nagoya-1"
                    ],
                    "primary": {
                        "id": "697705bb-28f3-4fc6-b10a-5d80d8248158",
                        "attributes": {
                            "direction": "ingress",
                            "ethertype": "IPv4",
                            "id": "697705bb-28f3-4fc6-b10a-5d80d8248158",
                            "port_range_max": "65535",
                            "port_range_min": "1",
                            "protocol": "udp",
                            "region": "AMS",
                            "remote_group_id": "",
                            "remote_ip_prefix": "10.244.0.0/16",
                            "security_group_id": "e69144b4-ca62-4888-9ec7-834860867225",
                            "tenant_id": "1043b33ad5b145f0b0086c6071f1649f"
                        },
                        "meta": {
                            "e2bfb730-ecaa-11e6-8f88-34363bc7c4c0": {
                                "delete": 600000000000
                            }
                        },
                        "tainted": false
                    },
                    "deposed": [],
                    "provider": "provider.openstack"
                },
                "openstack_networking_secgroup_rule_v2.secgroup_nagoya-4-3": {
                    "type": "openstack_networking_secgroup_rule_v2",
                    "depends_on": [
                        "openstack_networking_secgroup_rule_v2.secgroup_nagoya-4-2",
                        "openstack_networking_secgroup_v2.secgroup_nagoya-1"
                    ],
                    "primary": {
                        "id": "aae5302b-0f35-40a1-abfe-22788c7d9ecd",
                        "attributes": {
                            "direction": "ingress",
                            "ethertype": "IPv4",
                            "id": "aae5302b-0f35-40a1-abfe-22788c7d9ecd",
                            "port_range_max": "0",
                            "port_range_min": "0",
                            "protocol": "icmp",
                            "region": "AMS",
                            "remote_group_id": "",
                            "remote_ip_prefix": "10.244.0.0/16",
                            "security_group_id": "e69144b4-ca62-4888-9ec7-834860867225",
                            "tenant_id": "1043b33ad5b145f0b0086c6071f1649f"
                        },
                        "meta": {
                            "e2bfb730-ecaa-11e6-8f88-34363bc7c4c0": {
                                "delete": 600000000000
                            }
                        },
                        "tainted": false
                    },
                    "deposed": [],
                    "provider": "provider.openstack"
                },
                "openstack_networking_secgroup_v2.secgroup_nagoya-1": {
                    "type": "openstack_networking_secgroup_v2",
                    "depends_on": [],
                    "primary": {
                        "id": "e69144b4-ca62-4888-9ec7-834860867225",
                        "attributes": {
                            "description": "K8s Security group",
                            "id": "e69144b4-ca62-4888-9ec7-834860867225",
                            "name": "secgroup_nagoya-1",
                            "region": "AMS",
                            "tenant_id": "1043b33ad5b145f0b0086c6071f1649f"
                        },
                        "meta": {
                            "e2bfb730-ecaa-11e6-8f88-34363bc7c4c0": {
                                "delete": 600000000000
                            }
                        },
                        "tainted": false
                    },
                    "deposed": [],
                    "provider": "provider.openstack"
                },
                "openstack_networking_subnet_v2.subnet_nagoya": {
                    "type": "openstack_networking_subnet_v2",
                    "depends_on": [
                        "openstack_networking_network_v2.network_nagoya"
                    ],
                    "primary": {
                        "id": "bc69874e-912e-4286-96b1-116803d94660",
                        "attributes": {
                            "allocation_pools.#": "1",
                            "allocation_pools.0.end": "192.168.8.254",
                            "allocation_pools.0.start": "192.168.8.2",
                            "cidr": "192.168.8.0/24",
                            "dns_nameservers.#": "0",
                            "enable_dhcp": "true",
                            "gateway_ip": "192.168.8.1",
                            "host_routes.#": "0",
                            "id": "bc69874e-912e-4286-96b1-116803d94660",
                            "ip_version": "4",
                            "ipv6_address_mode": "",
                            "ipv6_ra_mode": "",
                            "name": "subnet_nagoya",
                            "network_id": "8dca6a1e-bc48-42d3-8cce-ea94c16a6d26",
                            "no_gateway": "false",
                            "region": "AMS",
                            "tenant_id": "1043b33ad5b145f0b0086c6071f1649f"
                        },
                        "meta": {
                            "e2bfb730-ecaa-11e6-8f88-34363bc7c4c0": {
                                "create": 600000000000,
                                "delete": 600000000000
                            }
                        },
                        "tainted": false
                    },
                    "deposed": [],
                    "provider": "provider.openstack"
                }
            },
            "depends_on": []
        }
    ]
}
